
Microsoft Visual Studio Solution File, Format Version 12.00
# Visual Studio Version 17
VisualStudioVersion = 17.1.32210.238
MinimumVisualStudioVersion = 10.0.40219.1
Project("{FAE04EC0-301F-11D3-BF4B-00C04F79EFBC}") = "AppKalkulator", "AppKalkulator\AppKalkulator.csproj", "{7E26DCF9-3C16-46A2-AA49-F44367D274E5}"
EndProject
Global
	GlobalSection(SolutionConfigurationPlatforms) = preSolution
		Debug|Any CPU = Debug|Any CPU
		Release|Any CPU = Release|Any CPU
	EndGlobalSection
	GlobalSection(ProjectConfigurationPlatforms) = postSolution
		{7E26DCF9-3C16-46A2-AA49-F44367D274E5}.Debug|Any CPU.ActiveCfg = Debug|Any CPU
		{7E26DCF9-3C16-46A2-AA49-F44367D274E5}.Debug|Any CPU.Build.0 = Debug|Any CPU
		{7E26DCF9-3C16-46A2-AA49-F44367D274E5}.Release|Any CPU.ActiveCfg = Release|Any CPU
		{7E26DCF9-3C16-46A2-AA49-F44367D274E5}.Release|Any CPU.Build.0 = Release|Any CPU
	EndGlobalSection
	GlobalSection(SolutionProperties) = preSolution
		HideSolutionNode = FALSE
	EndGlobalSection
	GlobalSection(ExtensibilityGlobals) = postSolution
		SolutionGuid = {FE52977A-CBC1-4DEA-8F07-18A4F500543A}
	EndGlobalSection
EndGlobal
